
Microsoft Visual Studio Solution File, Format Version 12.00
# Visual Studio Version 17
VisualStudioVersion = 17.1.32328.378
MinimumVisualStudioVersion = 10.0.40219.1
Project("{FAE04EC0-301F-11D3-BF4B-00C04F79EFBC}") = "Best Time to Buy and Sell Stock", "Best Time to Buy and Sell Stock\Best Time to Buy and Sell Stock.csproj", "{5CE09E3E-0D5F-4605-8D05-7385185C75CA}"
EndProject
Project("{FAE04EC0-301F-11D3-BF4B-00C04F79EFBC}") = "SolutionTests", "SolutionTests\SolutionTests.csproj", "{631F05CE-AF8C-40E7-8CD0-D443CAC64215}"
EndProject
Global
	GlobalSection(SolutionConfigurationPlatforms) = preSolution
		Debug|Any CPU = Debug|Any CPU
		Release|Any CPU = Release|Any CPU
	EndGlobalSection
	GlobalSection(ProjectConfigurationPlatforms) = postSolution
		{5CE09E3E-0D5F-4605-8D05-7385185C75CA}.Debug|Any CPU.ActiveCfg = Debug|Any CPU
		{5CE09E3E-0D5F-4605-8D05-7385185C75CA}.Debug|Any CPU.Build.0 = Debug|Any CPU
		{5CE09E3E-0D5F-4605-8D05-7385185C75CA}.Release|Any CPU.ActiveCfg = Release|Any CPU
		{5CE09E3E-0D5F-4605-8D05-7385185C75CA}.Release|Any CPU.Build.0 = Release|Any CPU
		{631F05CE-AF8C-40E7-8CD0-D443CAC64215}.Debug|Any CPU.ActiveCfg = Debug|Any CPU
		{631F05CE-AF8C-40E7-8CD0-D443CAC64215}.Debug|Any CPU.Build.0 = Debug|Any CPU
		{631F05CE-AF8C-40E7-8CD0-D443CAC64215}.Release|Any CPU.ActiveCfg = Release|Any CPU
		{631F05CE-AF8C-40E7-8CD0-D443CAC64215}.Release|Any CPU.Build.0 = Release|Any CPU
	EndGlobalSection
	GlobalSection(SolutionProperties) = preSolution
		HideSolutionNode = FALSE
	EndGlobalSection
	GlobalSection(ExtensibilityGlobals) = postSolution
		SolutionGuid = {B14951BC-BAC8-4BA4-BB8C-DBEA91D637CB}
	EndGlobalSection
EndGlobal
